// !$*UTF8*$!
{
	archiveVersion = 1;
	classes = {
	};
	objectVersion = 50;
	objects = {

/* Begin PBXBuildFile section */
		3A29B1362212DB9F00E258DB /* Setting_ViewController.swift in Sources */ = {isa = PBXBuildFile; fileRef = 3A29B1352212DB9F00E258DB /* Setting_ViewController.swift */; };
		9071A4CC2213337100448AEA /* MapKit.framework in Frameworks */ = {isa = PBXBuildFile; fileRef = 9071A4CB2213337100448AEA /* MapKit.framework */; };
		90E63C0A220D9222009BE9BD /* AppDelegate.swift in Sources */ = {isa = PBXBuildFile; fileRef = 90E63C09220D9222009BE9BD /* AppDelegate.swift */; };
		90E63C0C220D9222009BE9BD /* ViewController.swift in Sources */ = {isa = PBXBuildFile; fileRef = 90E63C0B220D9222009BE9BD /* ViewController.swift */; };
		90E63C0F220D9222009BE9BD /* Main.storyboard in Resources */ = {isa = PBXBuildFile; fileRef = 90E63C0D220D9222009BE9BD /* Main.storyboard */; };
		90E63C1C220D9B43009BE9BD /* Media.xcassets in Resources */ = {isa = PBXBuildFile; fileRef = 90E63C1B220D9B43009BE9BD /* Media.xcassets */; };
		90E63C1E2211B6EF009BE9BD /* Lista_TableViewController.swift in Sources */ = {isa = PBXBuildFile; fileRef = 90E63C1D2211B6EF009BE9BD /* Lista_TableViewController.swift */; };
		90E63C202211B772009BE9BD /* Lista_TableViewCell.swift in Sources */ = {isa = PBXBuildFile; fileRef = 90E63C1F2211B772009BE9BD /* Lista_TableViewCell.swift */; };
		90EA4A702212E18100097461 /* Launch Screen 2.storyboard in Resources */ = {isa = PBXBuildFile; fileRef = 90EA4A6F2212E18100097461 /* Launch Screen 2.storyboard */; };
		DCD296E02212C75F00DA6832 /* MapViewController.swift in Sources */ = {isa = PBXBuildFile; fileRef = DCD296DF2212C75F00DA6832 /* MapViewController.swift */; };
/* End PBXBuildFile section */

/* Begin PBXFileReference section */
		3A29B1352212DB9F00E258DB /* Setting_ViewController.swift */ = {isa = PBXFileReference; lastKnownFileType = sourcecode.swift; path = Setting_ViewController.swift; sourceTree = "<group>"; };
		9071A4CB2213337100448AEA /* MapKit.framework */ = {isa = PBXFileReference; lastKnownFileType = wrapper.framework; name = MapKit.framework; path = System/Library/Frameworks/MapKit.framework; sourceTree = SDKROOT; };
		90E63C06220D9222009BE9BD /* SoccerBox.app */ = {isa = PBXFileReference; explicitFileType = wrapper.application; includeInIndex = 0; path = SoccerBox.app; sourceTree = BUILT_PRODUCTS_DIR; };
		90E63C09220D9222009BE9BD /* AppDelegate.swift */ = {isa = PBXFileReference; lastKnownFileType = sourcecode.swift; path = AppDelegate.swift; sourceTree = "<group>"; };
		90E63C0B220D9222009BE9BD /* ViewController.swift */ = {isa = PBXFileReference; lastKnownFileType = sourcecode.swift; path = ViewController.swift; sourceTree = "<group>"; };
		90E63C0E220D9222009BE9BD /* Base */ = {isa = PBXFileReference; lastKnownFileType = file.storyboard; name = Base; path = Base.lproj/Main.storyboard; sourceTree = "<group>"; };
		90E63C15220D9223009BE9BD /* Info.plist */ = {isa = PBXFileReference; lastKnownFileType = text.plist.xml; path = Info.plist; sourceTree = "<group>"; };
		90E63C1B220D9B43009BE9BD /* Media.xcassets */ = {isa = PBXFileReference; lastKnownFileType = folder.assetcatalog; path = Media.xcassets; sourceTree = "<group>"; };
		90E63C1D2211B6EF009BE9BD /* Lista_TableViewController.swift */ = {isa = PBXFileReference; lastKnownFileType = sourcecode.swift; path = Lista_TableViewController.swift; sourceTree = "<group>"; };
		90E63C1F2211B772009BE9BD /* Lista_TableViewCell.swift */ = {isa = PBXFileReference; lastKnownFileType = sourcecode.swift; path = Lista_TableViewCell.swift; sourceTree = "<group>"; };
		90EA4A6F2212E18100097461 /* Launch Screen 2.storyboard */ = {isa = PBXFileReference; lastKnownFileType = file.storyboard; path = "Launch Screen 2.storyboard"; sourceTree = "<group>"; };
		DCD296DF2212C75F00DA6832 /* MapViewController.swift */ = {isa = PBXFileReference; lastKnownFileType = sourcecode.swift; path = MapViewController.swift; sourceTree = "<group>"; };
/* End PBXFileReference section */

/* Begin PBXFrameworksBuildPhase section */
		90E63C03220D9222009BE9BD /* Frameworks */ = {
			isa = PBXFrameworksBuildPhase;
			buildActionMask = 2147483647;
			files = (
				9071A4CC2213337100448AEA /* MapKit.framework in Frameworks */,
			);
			runOnlyForDeploymentPostprocessing = 0;
		};
/* End PBXFrameworksBuildPhase section */

/* Begin PBXGroup section */
		9071A4CA2213337100448AEA /* Frameworks */ = {
			isa = PBXGroup;
			children = (
				9071A4CB2213337100448AEA /* MapKit.framework */,
			);
			name = Frameworks;
			sourceTree = "<group>";
		};
		90E63BFD220D9222009BE9BD = {
			isa = PBXGroup;
			children = (
				90E63C08220D9222009BE9BD /* SoccerBox */,
				90E63C07220D9222009BE9BD /* Products */,
				9071A4CA2213337100448AEA /* Frameworks */,
			);
			sourceTree = "<group>";
		};
		90E63C07220D9222009BE9BD /* Products */ = {
			isa = PBXGroup;
			children = (
				90E63C06220D9222009BE9BD /* SoccerBox.app */,
			);
			name = Products;
			sourceTree = "<group>";
		};
		90E63C08220D9222009BE9BD /* SoccerBox */ = {
			isa = PBXGroup;
			children = (
				90E63C09220D9222009BE9BD /* AppDelegate.swift */,
				90E63C0B220D9222009BE9BD /* ViewController.swift */,
				90E63C1D2211B6EF009BE9BD /* Lista_TableViewController.swift */,
				90E63C1F2211B772009BE9BD /* Lista_TableViewCell.swift */,
				3A29B1352212DB9F00E258DB /* Setting_ViewController.swift */,
				90E63C0D220D9222009BE9BD /* Main.storyboard */,
				DCD296DF2212C75F00DA6832 /* MapViewController.swift */,
				90E63C15220D9223009BE9BD /* Info.plist */,
				90E63C1B220D9B43009BE9BD /* Media.xcassets */,
				90EA4A6F2212E18100097461 /* Launch Screen 2.storyboard */,
			);
			path = SoccerBox;
			sourceTree = "<group>";
		};
/* End PBXGroup section */

/* Begin PBXNativeTarget section */
		90E63C05220D9222009BE9BD /* SoccerBox */ = {
			isa = PBXNativeTarget;
			buildConfigurationList = 90E63C18220D9223009BE9BD /* Build configuration list for PBXNativeTarget "SoccerBox" */;
			buildPhases = (
				90E63C02220D9222009BE9BD /* Sources */,
				90E63C03220D9222009BE9BD /* Frameworks */,
				90E63C04220D9222009BE9BD /* Resources */,
			);
			buildRules = (
			);
			dependencies = (
			);
			name = SoccerBox;
			productName = SoccerBox;
			productReference = 90E63C06220D9222009BE9BD /* SoccerBox.app */;
			productType = "com.apple.product-type.application";
		};
/* End PBXNativeTarget section */

/* Begin PBXProject section */
		90E63BFE220D9222009BE9BD /* Project object */ = {
			isa = PBXProject;
			attributes = {
				LastSwiftUpdateCheck = 1010;
				LastUpgradeCheck = 1010;
				ORGANIZATIONNAME = "Domenico Posillipo";
				TargetAttributes = {
					90E63C05220D9222009BE9BD = {
						CreatedOnToolsVersion = 10.1;
						SystemCapabilities = {
							com.apple.Maps.iOS = {
								enabled = 1;
							};
						};
					};
				};
			};
			buildConfigurationList = 90E63C01220D9222009BE9BD /* Build configuration list for PBXProject "SoccerBox" */;
			compatibilityVersion = "Xcode 9.3";
			developmentRegion = en;
			hasScannedForEncodings = 0;
			knownRegions = (
				en,
				Base,
			);
			mainGroup = 90E63BFD220D9222009BE9BD;
			productRefGroup = 90E63C07220D9222009BE9BD /* Products */;
			projectDirPath = "";
			projectRoot = "";
			targets = (
				90E63C05220D9222009BE9BD /* SoccerBox */,
			);
		};
/* End PBXProject section */

/* Begin PBXResourcesBuildPhase section */
		90E63C04220D9222009BE9BD /* Resources */ = {
			isa = PBXResourcesBuildPhase;
			buildActionMask = 2147483647;
			files = (
				90E63C1C220D9B43009BE9BD /* Media.xcassets in Resources */,
				90EA4A702212E18100097461 /* Launch Screen 2.storyboard in Resources */,
				90E63C0F220D9222009BE9BD /* Main.storyboard in Resources */,
			);
			runOnlyForDeploymentPostprocessing = 0;
		};
/* End PBXResourcesBuildPhase section */

/* Begin PBXSourcesBuildPhase section */
		90E63C02220D9222009BE9BD /* Sources */ = {
			isa = PBXSourcesBuildPhase;
			buildActionMask = 2147483647;
			files = (
				90E63C0C220D9222009BE9BD /* ViewController.swift in Sources */,
				3A29B1362212DB9F00E258DB /* Setting_ViewController.swift in Sources */,
				90E63C1E2211B6EF009BE9BD /* Lista_TableViewController.swift in Sources */,
				90E63C0A220D9222009BE9BD /* AppDelegate.swift in Sources */,
				DCD296E02212C75F00DA6832 /* MapViewController.swift in Sources */,
				90E63C202211B772009BE9BD /* Lista_TableViewCell.swift in Sources */,
			);
			runOnlyForDeploymentPostprocessing = 0;
		};
/* End PBXSourcesBuildPhase section */

/* Begin PBXVariantGroup section */
		90E63C0D220D9222009BE9BD /* Main.storyboard */ = {
			isa = PBXVariantGroup;
			children = (
				90E63C0E220D9222009BE9BD /* Base */,
			);
			name = Main.storyboard;
			sourceTree = "<group>";
		};
/* End PBXVariantGroup section */

/* Begin XCBuildConfiguration section */
		90E63C16220D9223009BE9BD /* Debug */ = {
			isa = XCBuildConfiguration;
			buildSettings = {
				ALWAYS_SEARCH_USER_PATHS = NO;
				CLANG_ANALYZER_NONNULL = YES;
				CLANG_ANALYZER_NUMBER_OBJECT_CONVERSION = YES_AGGRESSIVE;
				CLANG_CXX_LANGUAGE_STANDARD = "gnu++14";
				CLANG_CXX_LIBRARY = "libc++";
				CLANG_ENABLE_MODULES = YES;
				CLANG_ENABLE_OBJC_ARC = YES;
				CLANG_ENABLE_OBJC_WEAK = YES;
				CLANG_WARN_BLOCK_CAPTURE_AUTORELEASING = YES;
				CLANG_WARN_BOOL_CONVERSION = YES;
				CLANG_WARN_COMMA = YES;
				CLANG_WARN_CONSTANT_CONVERSION = YES;
				CLANG_WARN_DEPRECATED_OBJC_IMPLEMENTATIONS = YES;
				CLANG_WARN_DIRECT_OBJC_ISA_USAGE = YES_ERROR;
				CLANG_WARN_DOCUMENTATION_COMMENTS = YES;
				CLANG_WARN_EMPTY_BODY = YES;
				CLANG_WARN_ENUM_CONVERSION = YES;
				CLANG_WARN_INFINITE_RECURSION = YES;
				CLANG_WARN_INT_CONVERSION = YES;
				CLANG_WARN_NON_LITERAL_NULL_CONVERSION = YES;
				CLANG_WARN_OBJC_IMPLICIT_RETAIN_SELF = YES;
				CLANG_WARN_OBJC_LITERAL_CONVERSION = YES;
				CLANG_WARN_OBJC_ROOT_CLASS = YES_ERROR;
				CLANG_WARN_RANGE_LOOP_ANALYSIS = YES;
				CLANG_WARN_STRICT_PROTOTYPES = YES;
				CLANG_WARN_SUSPICIOUS_MOVE = YES;
				CLANG_WARN_UNGUARDED_AVAILABILITY = YES_AGGRESSIVE;
				CLANG_WARN_UNREACHABLE_CODE = YES;
				CLANG_WARN__DUPLICATE_METHOD_MATCH = YES;
				CODE_SIGN_IDENTITY = "iPhone Developer";
				COPY_PHASE_STRIP = NO;
				DEBUG_INFORMATION_FORMAT = dwarf;
				ENABLE_STRICT_OBJC_MSGSEND = YES;
				ENABLE_TESTABILITY = YES;
				GCC_C_LANGUAGE_STANDARD = gnu11;
				GCC_DYNAMIC_NO_PIC = NO;
				GCC_NO_COMMON_BLOCKS = YES;
				GCC_OPTIMIZATION_LEVEL = 0;
				GCC_PREPROCESSOR_DEFINITIONS = (
					"DEBUG=1",
					"$(inherited)",
				);
				GCC_WARN_64_TO_32_BIT_CONVERSION = YES;
				GCC_WARN_ABOUT_RETURN_TYPE = YES_ERROR;
				GCC_WARN_UNDECLARED_SELECTOR = YES;
				GCC_WARN_UNINITIALIZED_AUTOS = YES_AGGRESSIVE;
				GCC_WARN_UNUSED_FUNCTION = YES;
				GCC_WARN_UNUSED_VARIABLE = YES;
				IPHONEOS_DEPLOYMENT_TARGET = 12.1;
				MTL_ENABLE_DEBUG_INFO = INCLUDE_SOURCE;
				MTL_FAST_MATH = YES;
				ONLY_ACTIVE_ARCH = YES;
				SDKROOT = iphoneos;
				SWIFT_ACTIVE_COMPILATION_CONDITIONS = DEBUG;
				SWIFT_OPTIMIZATION_LEVEL = "-Onone";
			};
			name = Debug;
		};
		90E63C17220D9223009BE9BD /* Release */ = {
			isa = XCBuildConfiguration;
			buildSettings = {
				ALWAYS_SEARCH_USER_PATHS = NO;
				CLANG_ANALYZER_NONNULL = YES;
				CLANG_ANALYZER_NUMBER_OBJECT_CONVERSION = YES_AGGRESSIVE;
				CLANG_CXX_LANGUAGE_STANDARD = "gnu++14";
				CLANG_CXX_LIBRARY = "libc++";
				CLANG_ENABLE_MODULES = YES;
				CLANG_ENABLE_OBJC_ARC = YES;
				CLANG_ENABLE_OBJC_WEAK = YES;
				CLANG_WARN_BLOCK_CAPTURE_AUTORELEASING = YES;
				CLANG_WARN_BOOL_CONVERSION = YES;
				CLANG_WARN_COMMA = YES;
				CLANG_WARN_CONSTANT_CONVERSION = YES;
				CLANG_WARN_DEPRECATED_OBJC_IMPLEMENTATIONS = YES;
				CLANG_WARN_DIRECT_OBJC_ISA_USAGE = YES_ERROR;
				CLANG_WARN_DOCUMENTATION_COMMENTS = YES;
				CLANG_WARN_EMPTY_BODY = YES;
				CLANG_WARN_ENUM_CONVERSION = YES;
				CLANG_WARN_INFINITE_RECURSION = YES;
				CLANG_WARN_INT_CONVERSION = YES;
				CLANG_WARN_NON_LITERAL_NULL_CONVERSION = YES;
				CLANG_WARN_OBJC_IMPLICIT_RETAIN_SELF = YES;
				CLANG_WARN_OBJC_LITERAL_CONVERSION = YES;
				CLANG_WARN_OBJC_ROOT_CLASS = YES_ERROR;
				CLANG_WARN_RANGE_LOOP_ANALYSIS = YES;
				CLANG_WARN_STRICT_PROTOTYPES = YES;
				CLANG_WARN_SUSPICIOUS_MOVE = YES;
				CLANG_WARN_UNGUARDED_AVAILABILITY = YES_AGGRESSIVE;
				CLANG_WARN_UNREACHABLE_CODE = YES;
				CLANG_WARN__DUPLICATE_METHOD_MATCH = YES;
				CODE_SIGN_IDENTITY = "iPhone Developer";
				COPY_PHASE_STRIP = NO;
				DEBUG_INFORMATION_FORMAT = "dwarf-with-dsym";
				ENABLE_NS_ASSERTIONS = NO;
				ENABLE_STRICT_OBJC_MSGSEND = YES;
				GCC_C_LANGUAGE_STANDARD = gnu11;
				GCC_NO_COMMON_BLOCKS = YES;
				GCC_WARN_64_TO_32_BIT_CONVERSION = YES;
				GCC_WARN_ABOUT_RETURN_TYPE = YES_ERROR;
				GCC_WARN_UNDECLARED_SELECTOR = YES;
				GCC_WARN_UNINITIALIZED_AUTOS = YES_AGGRESSIVE;
				GCC_WARN_UNUSED_FUNCTION = YES;
				GCC_WARN_UNUSED_VARIABLE = YES;
				IPHONEOS_DEPLOYMENT_TARGET = 12.1;
				MTL_ENABLE_DEBUG_INFO = NO;
				MTL_FAST_MATH = YES;
				SDKROOT = iphoneos;
				SWIFT_COMPILATION_MODE = wholemodule;
				SWIFT_OPTIMIZATION_LEVEL = "-O";
				VALIDATE_PRODUCT = YES;
			};
			name = Release;
		};
		90E63C19220D9223009BE9BD /* Debug */ = {
			isa = XCBuildConfiguration;
			buildSettings = {
				ASSETCATALOG_COMPILER_APPICON_NAME = AppIcon;
				CODE_SIGN_STYLE = Automatic;
				DEVELOPMENT_TEAM = 889UW6SF4D;
				INFOPLIST_FILE = SoccerBox/Info.plist;
				LD_RUNPATH_SEARCH_PATHS = (
					"$(inherited)",
					"@executable_path/Frameworks",
				);
				PRODUCT_BUNDLE_IDENTIFIER = posillipo.Mec;
				PRODUCT_NAME = "$(TARGET_NAME)";
				SWIFT_VERSION = 4.2;
				TARGETED_DEVICE_FAMILY = "1,2";
			};
			name = Debug;
		};
		90E63C1A220D9223009BE9BD /* Release */ = {
			isa = XCBuildConfiguration;
			buildSettings = {
				ASSETCATALOG_COMPILER_APPICON_NAME = AppIcon;
				CODE_SIGN_STYLE = Automatic;
				DEVELOPMENT_TEAM = 889UW6SF4D;
				INFOPLIST_FILE = SoccerBox/Info.plist;
				LD_RUNPATH_SEARCH_PATHS = (
					"$(inherited)",
					"@executable_path/Frameworks",
				);
				PRODUCT_BUNDLE_IDENTIFIER = posillipo.Mec;
				PRODUCT_NAME = "$(TARGET_NAME)";
				SWIFT_VERSION = 4.2;
				TARGETED_DEVICE_FAMILY = "1,2";
			};
			name = Release;
		};
/* End XCBuildConfiguration section */

/* Begin XCConfigurationList section */
		90E63C01220D9222009BE9BD /* Build configuration list for PBXProject "SoccerBox" */ = {
			isa = XCConfigurationList;
			buildConfigurations = (
				90E63C16220D9223009BE9BD /* Debug */,
				90E63C17220D9223009BE9BD /* Release */,
			);
			defaultConfigurationIsVisible = 0;
			defaultConfigurationName = Release;
		};
		90E63C18220D9223009BE9BD /* Build configuration list for PBXNativeTarget "SoccerBox" */ = {
			isa = XCConfigurationList;
			buildConfigurations = (
				90E63C19220D9223009BE9BD /* Debug */,
				90E63C1A220D9223009BE9BD /* Release */,
			);
			defaultConfigurationIsVisible = 0;
			defaultConfigurationName = Release;
		};
/* End XCConfigurationList section */
	};
	rootObject = 90E63BFE220D9222009BE9BD /* Project object */;
}
